
Microsoft Visual Studio Solution File, Format Version 12.00
# Visual Studio Version 17
VisualStudioVersion = 17.11.35208.52
MinimumVisualStudioVersion = 10.0.40219.1
Project("{FAE04EC0-301F-11D3-BF4B-00C04F79EFBC}") = "SuperBookFinalProj", "SuperBookFinalProj\SuperBookFinalProj.csproj", "{E9AC6739-95FF-4BB1-B597-2809B1485A9A}"
EndProject
Global
	GlobalSection(SolutionConfigurationPlatforms) = preSolution
		Debug|Any CPU = Debug|Any CPU
		Release|Any CPU = Release|Any CPU
	EndGlobalSection
	GlobalSection(ProjectConfigurationPlatforms) = postSolution
		{E9AC6739-95FF-4BB1-B597-2809B1485A9A}.Debug|Any CPU.ActiveCfg = Debug|Any CPU
		{E9AC6739-95FF-4BB1-B597-2809B1485A9A}.Debug|Any CPU.Build.0 = Debug|Any CPU
		{E9AC6739-95FF-4BB1-B597-2809B1485A9A}.Release|Any CPU.ActiveCfg = Release|Any CPU
		{E9AC6739-95FF-4BB1-B597-2809B1485A9A}.Release|Any CPU.Build.0 = Release|Any CPU
	EndGlobalSection
	GlobalSection(SolutionProperties) = preSolution
		HideSolutionNode = FALSE
	EndGlobalSection
	GlobalSection(ExtensibilityGlobals) = postSolution
		SolutionGuid = {BF9A5B8A-C345-4884-BF2E-68A7CBEACF8A}
	EndGlobalSection
EndGlobal
